
Microsoft Visual Studio Solution File, Format Version 12.00
# Visual Studio 2012
Project("{FAE04EC0-301F-11D3-BF4B-00C04F79EFBC}") = "SocketServer2", "SocketServer2\SocketServer2.csproj", "{F5176411-39A3-4AF1-8BC1-7B27C10ADC61}"
EndProject
Global
	GlobalSection(SolutionConfigurationPlatforms) = preSolution
		Debug|Any CPU = Debug|Any CPU
		Release|Any CPU = Release|Any CPU
	EndGlobalSection
	GlobalSection(ProjectConfigurationPlatforms) = postSolution
		{F5176411-39A3-4AF1-8BC1-7B27C10ADC61}.Debug|Any CPU.ActiveCfg = Debug|Any CPU
		{F5176411-39A3-4AF1-8BC1-7B27C10ADC61}.Debug|Any CPU.Build.0 = Debug|Any CPU
		{F5176411-39A3-4AF1-8BC1-7B27C10ADC61}.Release|Any CPU.ActiveCfg = Release|Any CPU
		{F5176411-39A3-4AF1-8BC1-7B27C10ADC61}.Release|Any CPU.Build.0 = Release|Any CPU
	EndGlobalSection
	GlobalSection(SolutionProperties) = preSolution
		HideSolutionNode = FALSE
	EndGlobalSection
EndGlobal
